
Microsoft Visual Studio Solution File, Format Version 12.00
# Visual Studio 15
VisualStudioVersion = 15.0.26730.12
MinimumVisualStudioVersion = 10.0.40219.1
Project("{FAE04EC0-301F-11D3-BF4B-00C04F79EFBC}") = "fastConnect", "fastConnect\fastConnect.csproj", "{366F92A6-D371-477C-854E-2BA7E06C21D4}"
EndProject
Global
	GlobalSection(SolutionConfigurationPlatforms) = preSolution
		Debug|Any CPU = Debug|Any CPU
		Release|Any CPU = Release|Any CPU
	EndGlobalSection
	GlobalSection(ProjectConfigurationPlatforms) = postSolution
		{366F92A6-D371-477C-854E-2BA7E06C21D4}.Debug|Any CPU.ActiveCfg = Debug|Any CPU
		{366F92A6-D371-477C-854E-2BA7E06C21D4}.Debug|Any CPU.Build.0 = Debug|Any CPU
		{366F92A6-D371-477C-854E-2BA7E06C21D4}.Release|Any CPU.ActiveCfg = Release|Any CPU
		{366F92A6-D371-477C-854E-2BA7E06C21D4}.Release|Any CPU.Build.0 = Release|Any CPU
	EndGlobalSection
	GlobalSection(SolutionProperties) = preSolution
		HideSolutionNode = FALSE
	EndGlobalSection
	GlobalSection(ExtensibilityGlobals) = postSolution
		SolutionGuid = {EF174006-1CE0-4A46-9AAA-1C0383A837A3}
	EndGlobalSection
EndGlobal
